
Microsoft Visual Studio Solution File, Format Version 12.00
Project("{2150E333-8FDC-42A3-9474-1A3956D46DE8}") = "src", "src", "{28361EDD-BBD2-42C3-9966-830D9BE535F1}"
EndProject
Project("{2150E333-8FDC-42A3-9474-1A3956D46DE8}") = "Framework", "Framework", "{03E0B7E9-ECAC-4E6B-9335-9B2A4BEC5445}"
EndProject
Project("{2150E333-8FDC-42A3-9474-1A3956D46DE8}") = "Common", "Common", "{C9CD28E5-BD48-4F3B-9D53-267492A17E73}"
EndProject
Project("{FAE04EC0-301F-11D3-BF4B-00C04F79EFBC}") = "Utilities", "Common\Utilities\Utilities.csproj", "{D79F0163-EFE2-4633-ABCC-EBA291DCFD91}"
EndProject
Project("{2150E333-8FDC-42A3-9474-1A3956D46DE8}") = "Solution Items", "Solution Items", "{8AB9F35C-5FD2-4BEE-B83C-EB16BA2936CB}"
	ProjectSection(SolutionItems) = preProject
		Directory.Packages.props = Directory.Packages.props
	EndProjectSection
EndProject
Project("{2150E333-8FDC-42A3-9474-1A3956D46DE8}") = "Core", "Core", "{D2942BD3-E28E-40BA-BDA5-48E780F97E32}"
EndProject
Project("{2150E333-8FDC-42A3-9474-1A3956D46DE8}") = "EndPoints", "EndPoints", "{0E9AC762-166F-4FEF-8A3D-3CAD1A37B1D9}"
EndProject
Project("{FAE04EC0-301F-11D3-BF4B-00C04F79EFBC}") = "Framework.Core.Domain", "Framework\Core\Framework.Core.Domain\Framework.Core.Domain.csproj", "{81535117-3635-41E6-B52C-F76A4E77794C}"
EndProject
Project("{FAE04EC0-301F-11D3-BF4B-00C04F79EFBC}") = "Framework.Core.Domain.Toolkits", "Framework\Core\Framework.Core.Domain.Toolkits\Framework.Core.Domain.Toolkits.csproj", "{0783B009-0906-4AD7-A9D3-B9429DF8E847}"
EndProject
Project("{FAE04EC0-301F-11D3-BF4B-00C04F79EFBC}") = "Framework.Core.RequestResponse", "Framework\Core\Framework.Core.RequestResponse\Framework.Core.RequestResponse.csproj", "{04947B45-56AC-420B-A176-66FEF8A4E6E9}"
EndProject
Project("{FAE04EC0-301F-11D3-BF4B-00C04F79EFBC}") = "Framework.EndPoints.Web", "Framework\EndPoints\Framework.EndPoints.Web\Framework.EndPoints.Web.csproj", "{4C32F95B-5334-438A-8660-312A2119FE12}"
EndProject
Project("{FAE04EC0-301F-11D3-BF4B-00C04F79EFBC}") = "Phoenix.Domain", "src\Phoenix.Domain\Phoenix.Domain.csproj", "{071ACD16-556E-4B6D-9B64-804985405634}"
EndProject
Project("{FAE04EC0-301F-11D3-BF4B-00C04F79EFBC}") = "Phoenix.Infrastructure", "src\Phoenix.Infrastructure\Phoenix.Infrastructure.csproj", "{C31EEB45-87FB-4103-B4E9-2A2244EB04B5}"
EndProject
Project("{FAE04EC0-301F-11D3-BF4B-00C04F79EFBC}") = "Phoenix.Application", "src\Phoenix.Application\Phoenix.Application.csproj", "{5F06CF15-0688-4983-8D01-11FA4D2441E3}"
EndProject
Project("{FAE04EC0-301F-11D3-BF4B-00C04F79EFBC}") = "Phoenix.WebApi", "src\Phoenix.WebApi\Phoenix.WebApi.csproj", "{0ED748DE-F40F-4E70-80EA-9BF31C41C464}"
EndProject
Global
	GlobalSection(SolutionConfigurationPlatforms) = preSolution
		Debug|Any CPU = Debug|Any CPU
		Release|Any CPU = Release|Any CPU
	EndGlobalSection
	GlobalSection(NestedProjects) = preSolution
		{D79F0163-EFE2-4633-ABCC-EBA291DCFD91} = {C9CD28E5-BD48-4F3B-9D53-267492A17E73}
		{D2942BD3-E28E-40BA-BDA5-48E780F97E32} = {03E0B7E9-ECAC-4E6B-9335-9B2A4BEC5445}
		{0E9AC762-166F-4FEF-8A3D-3CAD1A37B1D9} = {03E0B7E9-ECAC-4E6B-9335-9B2A4BEC5445}
		{81535117-3635-41E6-B52C-F76A4E77794C} = {D2942BD3-E28E-40BA-BDA5-48E780F97E32}
		{0783B009-0906-4AD7-A9D3-B9429DF8E847} = {D2942BD3-E28E-40BA-BDA5-48E780F97E32}
		{04947B45-56AC-420B-A176-66FEF8A4E6E9} = {D2942BD3-E28E-40BA-BDA5-48E780F97E32}
		{4C32F95B-5334-438A-8660-312A2119FE12} = {0E9AC762-166F-4FEF-8A3D-3CAD1A37B1D9}
		{071ACD16-556E-4B6D-9B64-804985405634} = {28361EDD-BBD2-42C3-9966-830D9BE535F1}
		{C31EEB45-87FB-4103-B4E9-2A2244EB04B5} = {28361EDD-BBD2-42C3-9966-830D9BE535F1}
		{5F06CF15-0688-4983-8D01-11FA4D2441E3} = {28361EDD-BBD2-42C3-9966-830D9BE535F1}
		{0ED748DE-F40F-4E70-80EA-9BF31C41C464} = {28361EDD-BBD2-42C3-9966-830D9BE535F1}
	EndGlobalSection
	GlobalSection(ProjectConfigurationPlatforms) = postSolution
		{D79F0163-EFE2-4633-ABCC-EBA291DCFD91}.Debug|Any CPU.ActiveCfg = Debug|Any CPU
		{D79F0163-EFE2-4633-ABCC-EBA291DCFD91}.Debug|Any CPU.Build.0 = Debug|Any CPU
		{D79F0163-EFE2-4633-ABCC-EBA291DCFD91}.Release|Any CPU.ActiveCfg = Release|Any CPU
		{D79F0163-EFE2-4633-ABCC-EBA291DCFD91}.Release|Any CPU.Build.0 = Release|Any CPU
		{81535117-3635-41E6-B52C-F76A4E77794C}.Debug|Any CPU.ActiveCfg = Debug|Any CPU
		{81535117-3635-41E6-B52C-F76A4E77794C}.Debug|Any CPU.Build.0 = Debug|Any CPU
		{81535117-3635-41E6-B52C-F76A4E77794C}.Release|Any CPU.ActiveCfg = Release|Any CPU
		{81535117-3635-41E6-B52C-F76A4E77794C}.Release|Any CPU.Build.0 = Release|Any CPU
		{0783B009-0906-4AD7-A9D3-B9429DF8E847}.Debug|Any CPU.ActiveCfg = Debug|Any CPU
		{0783B009-0906-4AD7-A9D3-B9429DF8E847}.Debug|Any CPU.Build.0 = Debug|Any CPU
		{0783B009-0906-4AD7-A9D3-B9429DF8E847}.Release|Any CPU.ActiveCfg = Release|Any CPU
		{0783B009-0906-4AD7-A9D3-B9429DF8E847}.Release|Any CPU.Build.0 = Release|Any CPU
		{04947B45-56AC-420B-A176-66FEF8A4E6E9}.Debug|Any CPU.ActiveCfg = Debug|Any CPU
		{04947B45-56AC-420B-A176-66FEF8A4E6E9}.Debug|Any CPU.Build.0 = Debug|Any CPU
		{04947B45-56AC-420B-A176-66FEF8A4E6E9}.Release|Any CPU.ActiveCfg = Release|Any CPU
		{04947B45-56AC-420B-A176-66FEF8A4E6E9}.Release|Any CPU.Build.0 = Release|Any CPU
		{4C32F95B-5334-438A-8660-312A2119FE12}.Debug|Any CPU.ActiveCfg = Debug|Any CPU
		{4C32F95B-5334-438A-8660-312A2119FE12}.Debug|Any CPU.Build.0 = Debug|Any CPU
		{4C32F95B-5334-438A-8660-312A2119FE12}.Release|Any CPU.ActiveCfg = Release|Any CPU
		{4C32F95B-5334-438A-8660-312A2119FE12}.Release|Any CPU.Build.0 = Release|Any CPU
		{071ACD16-556E-4B6D-9B64-804985405634}.Debug|Any CPU.ActiveCfg = Debug|Any CPU
		{071ACD16-556E-4B6D-9B64-804985405634}.Debug|Any CPU.Build.0 = Debug|Any CPU
		{071ACD16-556E-4B6D-9B64-804985405634}.Release|Any CPU.ActiveCfg = Release|Any CPU
		{071ACD16-556E-4B6D-9B64-804985405634}.Release|Any CPU.Build.0 = Release|Any CPU
		{C31EEB45-87FB-4103-B4E9-2A2244EB04B5}.Debug|Any CPU.ActiveCfg = Debug|Any CPU
		{C31EEB45-87FB-4103-B4E9-2A2244EB04B5}.Debug|Any CPU.Build.0 = Debug|Any CPU
		{C31EEB45-87FB-4103-B4E9-2A2244EB04B5}.Release|Any CPU.ActiveCfg = Release|Any CPU
		{C31EEB45-87FB-4103-B4E9-2A2244EB04B5}.Release|Any CPU.Build.0 = Release|Any CPU
		{5F06CF15-0688-4983-8D01-11FA4D2441E3}.Debug|Any CPU.ActiveCfg = Debug|Any CPU
		{5F06CF15-0688-4983-8D01-11FA4D2441E3}.Debug|Any CPU.Build.0 = Debug|Any CPU
		{5F06CF15-0688-4983-8D01-11FA4D2441E3}.Release|Any CPU.ActiveCfg = Release|Any CPU
		{5F06CF15-0688-4983-8D01-11FA4D2441E3}.Release|Any CPU.Build.0 = Release|Any CPU
		{0ED748DE-F40F-4E70-80EA-9BF31C41C464}.Debug|Any CPU.ActiveCfg = Debug|Any CPU
		{0ED748DE-F40F-4E70-80EA-9BF31C41C464}.Debug|Any CPU.Build.0 = Debug|Any CPU
		{0ED748DE-F40F-4E70-80EA-9BF31C41C464}.Release|Any CPU.ActiveCfg = Release|Any CPU
		{0ED748DE-F40F-4E70-80EA-9BF31C41C464}.Release|Any CPU.Build.0 = Release|Any CPU
	EndGlobalSection
EndGlobal
